// !$*UTF8*$!
{
	archiveVersion = 1;
	classes = {
	};
	objectVersion = 50;
	objects = {

/* Begin PBXBuildFile section */
		61D769BB253E7AB800B66171 /* AppDelegate.swift in Sources */ = {isa = PBXBuildFile; fileRef = 61D769BA253E7AB800B66171 /* AppDelegate.swift */; };
		61D769C4253E7ABB00B66171 /* Assets.xcassets in Resources */ = {isa = PBXBuildFile; fileRef = 61D769C3253E7ABB00B66171 /* Assets.xcassets */; };
		61D769C7253E7ABB00B66171 /* LaunchScreen.storyboard in Resources */ = {isa = PBXBuildFile; fileRef = 61D769C5253E7ABB00B66171 /* LaunchScreen.storyboard */; };
		61D769E7253E7CB900B66171 /* HttpClient.swift in Sources */ = {isa = PBXBuildFile; fileRef = 61D769E6253E7CB900B66171 /* HttpClient.swift */; };
		61D769EB253E7E9200B66171 /* DependanciesContainer.swift in Sources */ = {isa = PBXBuildFile; fileRef = 61D769EA253E7E9200B66171 /* DependanciesContainer.swift */; };
		61D769EF253E7EB000B66171 /* LazyInjected.swift in Sources */ = {isa = PBXBuildFile; fileRef = 61D769EE253E7EB000B66171 /* LazyInjected.swift */; };
		61D769F2253E7EC700B66171 /* ServiceLocator.swift in Sources */ = {isa = PBXBuildFile; fileRef = 61D769F1253E7EC700B66171 /* ServiceLocator.swift */; };
		61D76A01253E7F1C00B66171 /* UIView+Extension.swift in Sources */ = {isa = PBXBuildFile; fileRef = 61D769F8253E7F1C00B66171 /* UIView+Extension.swift */; };
		61D76A06253E7F1C00B66171 /* Reactive+Extension.swift in Sources */ = {isa = PBXBuildFile; fileRef = 61D769FD253E7F1C00B66171 /* Reactive+Extension.swift */; };
		61D76A09253E7F9800B66171 /* UIColor+Extension.swift in Sources */ = {isa = PBXBuildFile; fileRef = 61D76A08253E7F9800B66171 /* UIColor+Extension.swift */; };
		61D76A10253E7FCC00B66171 /* Collection+Extension.swift in Sources */ = {isa = PBXBuildFile; fileRef = 61D76A0F253E7FCC00B66171 /* Collection+Extension.swift */; };
		61D76A18253E806300B66171 /* Data+Extension.swift in Sources */ = {isa = PBXBuildFile; fileRef = 61D76A17253E806300B66171 /* Data+Extension.swift */; };
		61D76A1D253E80AA00B66171 /* AlertCenter.swift in Sources */ = {isa = PBXBuildFile; fileRef = 61D76A1C253E80AA00B66171 /* AlertCenter.swift */; };
		61D76A2D253E815400B66171 /* TempAssembly.swift in Sources */ = {isa = PBXBuildFile; fileRef = 61D76A29253E815400B66171 /* TempAssembly.swift */; };
		61D76A2E253E815400B66171 /* TempVC.swift in Sources */ = {isa = PBXBuildFile; fileRef = 61D76A2A253E815400B66171 /* TempVC.swift */; };
		61D76A2F253E815400B66171 /* TempView.swift in Sources */ = {isa = PBXBuildFile; fileRef = 61D76A2B253E815400B66171 /* TempView.swift */; };
		61D76A30253E815400B66171 /* TempViewModel.swift in Sources */ = {isa = PBXBuildFile; fileRef = 61D76A2C253E815400B66171 /* TempViewModel.swift */; };
		61D76A33253E816400B66171 /* MainView.swift in Sources */ = {isa = PBXBuildFile; fileRef = 61D76A32253E816400B66171 /* MainView.swift */; };
		61D76A36253E821600B66171 /* ViewController.swift in Sources */ = {isa = PBXBuildFile; fileRef = 61D76A35253E821600B66171 /* ViewController.swift */; };
		9439FFBE1C075138D99C61A2 /* Pods_MVVM_Rx_Template.framework in Frameworks */ = {isa = PBXBuildFile; fileRef = C5F13E5BCFCA27DAD134604A /* Pods_MVVM_Rx_Template.framework */; };
/* End PBXBuildFile section */

/* Begin PBXFileReference section */
		2602CD198421066CAC92C778 /* Pods-MVVM+Rx Template.debug.xcconfig */ = {isa = PBXFileReference; includeInIndex = 1; lastKnownFileType = text.xcconfig; name = "Pods-MVVM+Rx Template.debug.xcconfig"; path = "Target Support Files/Pods-MVVM+Rx Template/Pods-MVVM+Rx Template.debug.xcconfig"; sourceTree = "<group>"; };
		3A87ABB1D67B685E8272D786 /* Pods-MVVM+Rx Template.release.xcconfig */ = {isa = PBXFileReference; includeInIndex = 1; lastKnownFileType = text.xcconfig; name = "Pods-MVVM+Rx Template.release.xcconfig"; path = "Target Support Files/Pods-MVVM+Rx Template/Pods-MVVM+Rx Template.release.xcconfig"; sourceTree = "<group>"; };
		61D769B7253E7AB800B66171 /* MVVM+Rx Template.app */ = {isa = PBXFileReference; explicitFileType = wrapper.application; includeInIndex = 0; path = "MVVM+Rx Template.app"; sourceTree = BUILT_PRODUCTS_DIR; };
		61D769BA253E7AB800B66171 /* AppDelegate.swift */ = {isa = PBXFileReference; lastKnownFileType = sourcecode.swift; path = AppDelegate.swift; sourceTree = "<group>"; };
		61D769C3253E7ABB00B66171 /* Assets.xcassets */ = {isa = PBXFileReference; lastKnownFileType = folder.assetcatalog; path = Assets.xcassets; sourceTree = "<group>"; };
		61D769C6253E7ABB00B66171 /* Base */ = {isa = PBXFileReference; lastKnownFileType = file.storyboard; name = Base; path = Base.lproj/LaunchScreen.storyboard; sourceTree = "<group>"; };
		61D769C8253E7ABB00B66171 /* Info.plist */ = {isa = PBXFileReference; lastKnownFileType = text.plist.xml; path = Info.plist; sourceTree = "<group>"; };
		61D769E6253E7CB900B66171 /* HttpClient.swift */ = {isa = PBXFileReference; lastKnownFileType = sourcecode.swift; path = HttpClient.swift; sourceTree = "<group>"; };
		61D769EA253E7E9200B66171 /* DependanciesContainer.swift */ = {isa = PBXFileReference; lastKnownFileType = sourcecode.swift; path = DependanciesContainer.swift; sourceTree = "<group>"; };
		61D769EE253E7EB000B66171 /* LazyInjected.swift */ = {isa = PBXFileReference; lastKnownFileType = sourcecode.swift; path = LazyInjected.swift; sourceTree = "<group>"; };
		61D769F1253E7EC700B66171 /* ServiceLocator.swift */ = {isa = PBXFileReference; lastKnownFileType = sourcecode.swift; path = ServiceLocator.swift; sourceTree = "<group>"; };
		61D769F8253E7F1C00B66171 /* UIView+Extension.swift */ = {isa = PBXFileReference; fileEncoding = 4; lastKnownFileType = sourcecode.swift; path = "UIView+Extension.swift"; sourceTree = "<group>"; };
		61D769FD253E7F1C00B66171 /* Reactive+Extension.swift */ = {isa = PBXFileReference; fileEncoding = 4; lastKnownFileType = sourcecode.swift; path = "Reactive+Extension.swift"; sourceTree = "<group>"; };
		61D76A08253E7F9800B66171 /* UIColor+Extension.swift */ = {isa = PBXFileReference; lastKnownFileType = sourcecode.swift; path = "UIColor+Extension.swift"; sourceTree = "<group>"; };
		61D76A0F253E7FCC00B66171 /* Collection+Extension.swift */ = {isa = PBXFileReference; lastKnownFileType = sourcecode.swift; path = "Collection+Extension.swift"; sourceTree = "<group>"; };
		61D76A17253E806300B66171 /* Data+Extension.swift */ = {isa = PBXFileReference; lastKnownFileType = sourcecode.swift; path = "Data+Extension.swift"; sourceTree = "<group>"; };
		61D76A1C253E80AA00B66171 /* AlertCenter.swift */ = {isa = PBXFileReference; lastKnownFileType = sourcecode.swift; path = AlertCenter.swift; sourceTree = "<group>"; };
		61D76A29253E815400B66171 /* TempAssembly.swift */ = {isa = PBXFileReference; fileEncoding = 4; lastKnownFileType = sourcecode.swift; path = TempAssembly.swift; sourceTree = "<group>"; };
		61D76A2A253E815400B66171 /* TempVC.swift */ = {isa = PBXFileReference; fileEncoding = 4; lastKnownFileType = sourcecode.swift; path = TempVC.swift; sourceTree = "<group>"; };
		61D76A2B253E815400B66171 /* TempView.swift */ = {isa = PBXFileReference; fileEncoding = 4; lastKnownFileType = sourcecode.swift; path = TempView.swift; sourceTree = "<group>"; };
		61D76A2C253E815400B66171 /* TempViewModel.swift */ = {isa = PBXFileReference; fileEncoding = 4; lastKnownFileType = sourcecode.swift; path = TempViewModel.swift; sourceTree = "<group>"; };
		61D76A32253E816400B66171 /* MainView.swift */ = {isa = PBXFileReference; lastKnownFileType = sourcecode.swift; path = MainView.swift; sourceTree = "<group>"; };
		61D76A35253E821600B66171 /* ViewController.swift */ = {isa = PBXFileReference; lastKnownFileType = sourcecode.swift; path = ViewController.swift; sourceTree = "<group>"; };
		C5F13E5BCFCA27DAD134604A /* Pods_MVVM_Rx_Template.framework */ = {isa = PBXFileReference; explicitFileType = wrapper.framework; includeInIndex = 0; path = Pods_MVVM_Rx_Template.framework; sourceTree = BUILT_PRODUCTS_DIR; };
/* End PBXFileReference section */

/* Begin PBXFrameworksBuildPhase section */
		61D769B4253E7AB800B66171 /* Frameworks */ = {
			isa = PBXFrameworksBuildPhase;
			buildActionMask = 2147483647;
			files = (
				9439FFBE1C075138D99C61A2 /* Pods_MVVM_Rx_Template.framework in Frameworks */,
			);
			runOnlyForDeploymentPostprocessing = 0;
		};
/* End PBXFrameworksBuildPhase section */

/* Begin PBXGroup section */
		43EFF9203DB4502520854538 /* Pods */ = {
			isa = PBXGroup;
			children = (
				2602CD198421066CAC92C778 /* Pods-MVVM+Rx Template.debug.xcconfig */,
				3A87ABB1D67B685E8272D786 /* Pods-MVVM+Rx Template.release.xcconfig */,
			);
			name = Pods;
			path = Pods;
			sourceTree = "<group>";
		};
		61D769AE253E7AB800B66171 = {
			isa = PBXGroup;
			children = (
				61D769B9253E7AB800B66171 /* MVVM+Rx Template */,
				61D769B8253E7AB800B66171 /* Products */,
				43EFF9203DB4502520854538 /* Pods */,
				CDE478F30DC322559A24D84A /* Frameworks */,
			);
			sourceTree = "<group>";
		};
		61D769B8253E7AB800B66171 /* Products */ = {
			isa = PBXGroup;
			children = (
				61D769B7253E7AB800B66171 /* MVVM+Rx Template.app */,
			);
			name = Products;
			sourceTree = "<group>";
		};
		61D769B9253E7AB800B66171 /* MVVM+Rx Template */ = {
			isa = PBXGroup;
			children = (
				61D769CF253E7B3B00B66171 /* App */,
				61D769D0253E7B5500B66171 /* Services */,
				61D769D3253E7B6F00B66171 /* Modules */,
				61D769D2253E7B6400B66171 /* Helpers */,
				61D769D1253E7B5A00B66171 /* Resources */,
				61D769C8253E7ABB00B66171 /* Info.plist */,
			);
			path = "MVVM+Rx Template";
			sourceTree = "<group>";
		};
		61D769CF253E7B3B00B66171 /* App */ = {
			isa = PBXGroup;
			children = (
				61D769BA253E7AB800B66171 /* AppDelegate.swift */,
				61D769C5253E7ABB00B66171 /* LaunchScreen.storyboard */,
			);
			path = App;
			sourceTree = "<group>";
		};
		61D769D0253E7B5500B66171 /* Services */ = {
			isa = PBXGroup;
			children = (
				61D769E9253E7E8800B66171 /* DI */,
				61D769E5253E7C9B00B66171 /* HttpClient */,
			);
			path = Services;
			sourceTree = "<group>";
		};
		61D769D1253E7B5A00B66171 /* Resources */ = {
			isa = PBXGroup;
			children = (
				61D769C3253E7ABB00B66171 /* Assets.xcassets */,
			);
			path = Resources;
			sourceTree = "<group>";
		};
		61D769D2253E7B6400B66171 /* Helpers */ = {
			isa = PBXGroup;
			children = (
				61D76A21253E80D300B66171 /* Constants */,
				61D76A20253E80C600B66171 /* UIElements */,
				61D76A1B253E809E00B66171 /* Utils */,
				61D769F4253E7F1C00B66171 /* Extensions */,
			);
			path = Helpers;
			sourceTree = "<group>";
		};
		61D769D3253E7B6F00B66171 /* Modules */ = {
			isa = PBXGroup;
			children = (
				61D76A28253E815400B66171 /* Temp */,
			);
			path = Modules;
			sourceTree = "<group>";
		};
		61D769E5253E7C9B00B66171 /* HttpClient */ = {
			isa = PBXGroup;
			children = (
				61D769E6253E7CB900B66171 /* HttpClient.swift */,
			);
			path = HttpClient;
			sourceTree = "<group>";
		};
		61D769E9253E7E8800B66171 /* DI */ = {
			isa = PBXGroup;
			children = (
				61D769EA253E7E9200B66171 /* DependanciesContainer.swift */,
				61D769EE253E7EB000B66171 /* LazyInjected.swift */,
				61D769F1253E7EC700B66171 /* ServiceLocator.swift */,
			);
			path = DI;
			sourceTree = "<group>";
		};
		61D769F4253E7F1C00B66171 /* Extensions */ = {
			isa = PBXGroup;
			children = (
				61D769F8253E7F1C00B66171 /* UIView+Extension.swift */,
				61D769FD253E7F1C00B66171 /* Reactive+Extension.swift */,
				61D76A08253E7F9800B66171 /* UIColor+Extension.swift */,
				61D76A0F253E7FCC00B66171 /* Collection+Extension.swift */,
				61D76A17253E806300B66171 /* Data+Extension.swift */,
			);
			path = Extensions;
			sourceTree = "<group>";
		};
		61D76A1B253E809E00B66171 /* Utils */ = {
			isa = PBXGroup;
			children = (
				61D76A1C253E80AA00B66171 /* AlertCenter.swift */,
			);
			path = Utils;
			sourceTree = "<group>";
		};
		61D76A20253E80C600B66171 /* UIElements */ = {
			isa = PBXGroup;
			children = (
				61D76A22253E810500B66171 /* ModuleComponents */,
			);
			path = UIElements;
			sourceTree = "<group>";
		};
		61D76A21253E80D300B66171 /* Constants */ = {
			isa = PBXGroup;
			children = (
			);
			path = Constants;
			sourceTree = "<group>";
		};
		61D76A22253E810500B66171 /* ModuleComponents */ = {
			isa = PBXGroup;
			children = (
				61D76A32253E816400B66171 /* MainView.swift */,
				61D76A35253E821600B66171 /* ViewController.swift */,
			);
			path = ModuleComponents;
			sourceTree = "<group>";
		};
		61D76A28253E815400B66171 /* Temp */ = {
			isa = PBXGroup;
			children = (
				61D76A29253E815400B66171 /* TempAssembly.swift */,
				61D76A2A253E815400B66171 /* TempVC.swift */,
				61D76A2B253E815400B66171 /* TempView.swift */,
				61D76A2C253E815400B66171 /* TempViewModel.swift */,
			);
			path = Temp;
			sourceTree = "<group>";
		};
		CDE478F30DC322559A24D84A /* Frameworks */ = {
			isa = PBXGroup;
			children = (
				C5F13E5BCFCA27DAD134604A /* Pods_MVVM_Rx_Template.framework */,
			);
			name = Frameworks;
			sourceTree = "<group>";
		};
/* End PBXGroup section */

/* Begin PBXNativeTarget section */
		61D769B6253E7AB800B66171 /* MVVM+Rx Template */ = {
			isa = PBXNativeTarget;
			buildConfigurationList = 61D769CB253E7ABB00B66171 /* Build configuration list for PBXNativeTarget "MVVM+Rx Template" */;
			buildPhases = (
				FD133779F326A9C9638C7302 /* [CP] Check Pods Manifest.lock */,
				61D769B3253E7AB800B66171 /* Sources */,
				61D769B4253E7AB800B66171 /* Frameworks */,
				61D769B5253E7AB800B66171 /* Resources */,
				E0A86839B9D186D40D30B0ED /* [CP] Embed Pods Frameworks */,
			);
			buildRules = (
			);
			dependencies = (
			);
			name = "MVVM+Rx Template";
			productName = "MVVM+Rx Template";
			productReference = 61D769B7253E7AB800B66171 /* MVVM+Rx Template.app */;
			productType = "com.apple.product-type.application";
		};
/* End PBXNativeTarget section */

/* Begin PBXProject section */
		61D769AF253E7AB800B66171 /* Project object */ = {
			isa = PBXProject;
			attributes = {
				LastSwiftUpdateCheck = 1200;
				LastUpgradeCheck = 1200;
				TargetAttributes = {
					61D769B6253E7AB800B66171 = {
						CreatedOnToolsVersion = 12.0.1;
					};
				};
			};
			buildConfigurationList = 61D769B2253E7AB800B66171 /* Build configuration list for PBXProject "MVVM+Rx Template" */;
			compatibilityVersion = "Xcode 9.3";
			developmentRegion = en;
			hasScannedForEncodings = 0;
			knownRegions = (
				en,
				Base,
			);
			mainGroup = 61D769AE253E7AB800B66171;
			productRefGroup = 61D769B8253E7AB800B66171 /* Products */;
			projectDirPath = "";
			projectRoot = "";
			targets = (
				61D769B6253E7AB800B66171 /* MVVM+Rx Template */,
			);
		};
/* End PBXProject section */

/* Begin PBXResourcesBuildPhase section */
		61D769B5253E7AB800B66171 /* Resources */ = {
			isa = PBXResourcesBuildPhase;
			buildActionMask = 2147483647;
			files = (
				61D769C7253E7ABB00B66171 /* LaunchScreen.storyboard in Resources */,
				61D769C4253E7ABB00B66171 /* Assets.xcassets in Resources */,
			);
			runOnlyForDeploymentPostprocessing = 0;
		};
/* End PBXResourcesBuildPhase section */

/* Begin PBXShellScriptBuildPhase section */
		E0A86839B9D186D40D30B0ED /* [CP] Embed Pods Frameworks */ = {
			isa = PBXShellScriptBuildPhase;
			buildActionMask = 2147483647;
			files = (
			);
			inputFileListPaths = (
				"${PODS_ROOT}/Target Support Files/Pods-MVVM+Rx Template/Pods-MVVM+Rx Template-frameworks-${CONFIGURATION}-input-files.xcfilelist",
			);
			name = "[CP] Embed Pods Frameworks";
			outputFileListPaths = (
				"${PODS_ROOT}/Target Support Files/Pods-MVVM+Rx Template/Pods-MVVM+Rx Template-frameworks-${CONFIGURATION}-output-files.xcfilelist",
			);
			runOnlyForDeploymentPostprocessing = 0;
			shellPath = /bin/sh;
			shellScript = "\"${PODS_ROOT}/Target Support Files/Pods-MVVM+Rx Template/Pods-MVVM+Rx Template-frameworks.sh\"\n";
			showEnvVarsInLog = 0;
		};
		FD133779F326A9C9638C7302 /* [CP] Check Pods Manifest.lock */ = {
			isa = PBXShellScriptBuildPhase;
			buildActionMask = 2147483647;
			files = (
			);
			inputFileListPaths = (
			);
			inputPaths = (
				"${PODS_PODFILE_DIR_PATH}/Podfile.lock",
				"${PODS_ROOT}/Manifest.lock",
			);
			name = "[CP] Check Pods Manifest.lock";
			outputFileListPaths = (
			);
			outputPaths = (
				"$(DERIVED_FILE_DIR)/Pods-MVVM+Rx Template-checkManifestLockResult.txt",
			);
			runOnlyForDeploymentPostprocessing = 0;
			shellPath = /bin/sh;
			shellScript = "diff \"${PODS_PODFILE_DIR_PATH}/Podfile.lock\" \"${PODS_ROOT}/Manifest.lock\" > /dev/null\nif [ $? != 0 ] ; then\n    # print error to STDERR\n    echo \"error: The sandbox is not in sync with the Podfile.lock. Run 'pod install' or update your CocoaPods installation.\" >&2\n    exit 1\nfi\n# This output is used by Xcode 'outputs' to avoid re-running this script phase.\necho \"SUCCESS\" > \"${SCRIPT_OUTPUT_FILE_0}\"\n";
			showEnvVarsInLog = 0;
		};
/* End PBXShellScriptBuildPhase section */

/* Begin PBXSourcesBuildPhase section */
		61D769B3253E7AB800B66171 /* Sources */ = {
			isa = PBXSourcesBuildPhase;
			buildActionMask = 2147483647;
			files = (
				61D76A2F253E815400B66171 /* TempView.swift in Sources */,
				61D76A09253E7F9800B66171 /* UIColor+Extension.swift in Sources */,
				61D76A2E253E815400B66171 /* TempVC.swift in Sources */,
				61D76A18253E806300B66171 /* Data+Extension.swift in Sources */,
				61D76A01253E7F1C00B66171 /* UIView+Extension.swift in Sources */,
				61D76A06253E7F1C00B66171 /* Reactive+Extension.swift in Sources */,
				61D769F2253E7EC700B66171 /* ServiceLocator.swift in Sources */,
				61D76A30253E815400B66171 /* TempViewModel.swift in Sources */,
				61D76A10253E7FCC00B66171 /* Collection+Extension.swift in Sources */,
				61D76A36253E821600B66171 /* ViewController.swift in Sources */,
				61D76A33253E816400B66171 /* MainView.swift in Sources */,
				61D769EB253E7E9200B66171 /* DependanciesContainer.swift in Sources */,
				61D76A2D253E815400B66171 /* TempAssembly.swift in Sources */,
				61D769BB253E7AB800B66171 /* AppDelegate.swift in Sources */,
				61D76A1D253E80AA00B66171 /* AlertCenter.swift in Sources */,
				61D769EF253E7EB000B66171 /* LazyInjected.swift in Sources */,
				61D769E7253E7CB900B66171 /* HttpClient.swift in Sources */,
			);
			runOnlyForDeploymentPostprocessing = 0;
		};
/* End PBXSourcesBuildPhase section */

/* Begin PBXVariantGroup section */
		61D769C5253E7ABB00B66171 /* LaunchScreen.storyboard */ = {
			isa = PBXVariantGroup;
			children = (
				61D769C6253E7ABB00B66171 /* Base */,
			);
			name = LaunchScreen.storyboard;
			sourceTree = "<group>";
		};
/* End PBXVariantGroup section */

/* Begin XCBuildConfiguration section */
		61D769C9253E7ABB00B66171 /* Debug */ = {
			isa = XCBuildConfiguration;
			buildSettings = {
				ALWAYS_SEARCH_USER_PATHS = NO;
				CLANG_ANALYZER_NONNULL = YES;
				CLANG_ANALYZER_NUMBER_OBJECT_CONVERSION = YES_AGGRESSIVE;
				CLANG_CXX_LANGUAGE_STANDARD = "gnu++14";
				CLANG_CXX_LIBRARY = "libc++";
				CLANG_ENABLE_MODULES = YES;
				CLANG_ENABLE_OBJC_ARC = YES;
				CLANG_ENABLE_OBJC_WEAK = YES;
				CLANG_WARN_BLOCK_CAPTURE_AUTORELEASING = YES;
				CLANG_WARN_BOOL_CONVERSION = YES;
				CLANG_WARN_COMMA = YES;
				CLANG_WARN_CONSTANT_CONVERSION = YES;
				CLANG_WARN_DEPRECATED_OBJC_IMPLEMENTATIONS = YES;
				CLANG_WARN_DIRECT_OBJC_ISA_USAGE = YES_ERROR;
				CLANG_WARN_DOCUMENTATION_COMMENTS = YES;
				CLANG_WARN_EMPTY_BODY = YES;
				CLANG_WARN_ENUM_CONVERSION = YES;
				CLANG_WARN_INFINITE_RECURSION = YES;
				CLANG_WARN_INT_CONVERSION = YES;
				CLANG_WARN_NON_LITERAL_NULL_CONVERSION = YES;
				CLANG_WARN_OBJC_IMPLICIT_RETAIN_SELF = YES;
				CLANG_WARN_OBJC_LITERAL_CONVERSION = YES;
				CLANG_WARN_OBJC_ROOT_CLASS = YES_ERROR;
				CLANG_WARN_QUOTED_INCLUDE_IN_FRAMEWORK_HEADER = YES;
				CLANG_WARN_RANGE_LOOP_ANALYSIS = YES;
				CLANG_WARN_STRICT_PROTOTYPES = YES;
				CLANG_WARN_SUSPICIOUS_MOVE = YES;
				CLANG_WARN_UNGUARDED_AVAILABILITY = YES_AGGRESSIVE;
				CLANG_WARN_UNREACHABLE_CODE = YES;
				CLANG_WARN__DUPLICATE_METHOD_MATCH = YES;
				COPY_PHASE_STRIP = NO;
				DEBUG_INFORMATION_FORMAT = dwarf;
				ENABLE_STRICT_OBJC_MSGSEND = YES;
				ENABLE_TESTABILITY = YES;
				GCC_C_LANGUAGE_STANDARD = gnu11;
				GCC_DYNAMIC_NO_PIC = NO;
				GCC_NO_COMMON_BLOCKS = YES;
				GCC_OPTIMIZATION_LEVEL = 0;
				GCC_PREPROCESSOR_DEFINITIONS = (
					"DEBUG=1",
					"$(inherited)",
				);
				GCC_WARN_64_TO_32_BIT_CONVERSION = YES;
				GCC_WARN_ABOUT_RETURN_TYPE = YES_ERROR;
				GCC_WARN_UNDECLARED_SELECTOR = YES;
				GCC_WARN_UNINITIALIZED_AUTOS = YES_AGGRESSIVE;
				GCC_WARN_UNUSED_FUNCTION = YES;
				GCC_WARN_UNUSED_VARIABLE = YES;
				IPHONEOS_DEPLOYMENT_TARGET = 14.0;
				MTL_ENABLE_DEBUG_INFO = INCLUDE_SOURCE;
				MTL_FAST_MATH = YES;
				ONLY_ACTIVE_ARCH = YES;
				SDKROOT = iphoneos;
				SWIFT_ACTIVE_COMPILATION_CONDITIONS = DEBUG;
				SWIFT_OPTIMIZATION_LEVEL = "-Onone";
			};
			name = Debug;
		};
		61D769CA253E7ABB00B66171 /* Release */ = {
			isa = XCBuildConfiguration;
			buildSettings = {
				ALWAYS_SEARCH_USER_PATHS = NO;
				CLANG_ANALYZER_NONNULL = YES;
				CLANG_ANALYZER_NUMBER_OBJECT_CONVERSION = YES_AGGRESSIVE;
				CLANG_CXX_LANGUAGE_STANDARD = "gnu++14";
				CLANG_CXX_LIBRARY = "libc++";
				CLANG_ENABLE_MODULES = YES;
				CLANG_ENABLE_OBJC_ARC = YES;
				CLANG_ENABLE_OBJC_WEAK = YES;
				CLANG_WARN_BLOCK_CAPTURE_AUTORELEASING = YES;
				CLANG_WARN_BOOL_CONVERSION = YES;
				CLANG_WARN_COMMA = YES;
				CLANG_WARN_CONSTANT_CONVERSION = YES;
				CLANG_WARN_DEPRECATED_OBJC_IMPLEMENTATIONS = YES;
				CLANG_WARN_DIRECT_OBJC_ISA_USAGE = YES_ERROR;
				CLANG_WARN_DOCUMENTATION_COMMENTS = YES;
				CLANG_WARN_EMPTY_BODY = YES;
				CLANG_WARN_ENUM_CONVERSION = YES;
				CLANG_WARN_INFINITE_RECURSION = YES;
				CLANG_WARN_INT_CONVERSION = YES;
				CLANG_WARN_NON_LITERAL_NULL_CONVERSION = YES;
				CLANG_WARN_OBJC_IMPLICIT_RETAIN_SELF = YES;
				CLANG_WARN_OBJC_LITERAL_CONVERSION = YES;
				CLANG_WARN_OBJC_ROOT_CLASS = YES_ERROR;
				CLANG_WARN_QUOTED_INCLUDE_IN_FRAMEWORK_HEADER = YES;
				CLANG_WARN_RANGE_LOOP_ANALYSIS = YES;
				CLANG_WARN_STRICT_PROTOTYPES = YES;
				CLANG_WARN_SUSPICIOUS_MOVE = YES;
				CLANG_WARN_UNGUARDED_AVAILABILITY = YES_AGGRESSIVE;
				CLANG_WARN_UNREACHABLE_CODE = YES;
				CLANG_WARN__DUPLICATE_METHOD_MATCH = YES;
				COPY_PHASE_STRIP = NO;
				DEBUG_INFORMATION_FORMAT = "dwarf-with-dsym";
				ENABLE_NS_ASSERTIONS = NO;
				ENABLE_STRICT_OBJC_MSGSEND = YES;
				GCC_C_LANGUAGE_STANDARD = gnu11;
				GCC_NO_COMMON_BLOCKS = YES;
				GCC_WARN_64_TO_32_BIT_CONVERSION = YES;
				GCC_WARN_ABOUT_RETURN_TYPE = YES_ERROR;
				GCC_WARN_UNDECLARED_SELECTOR = YES;
				GCC_WARN_UNINITIALIZED_AUTOS = YES_AGGRESSIVE;
				GCC_WARN_UNUSED_FUNCTION = YES;
				GCC_WARN_UNUSED_VARIABLE = YES;
				IPHONEOS_DEPLOYMENT_TARGET = 14.0;
				MTL_ENABLE_DEBUG_INFO = NO;
				MTL_FAST_MATH = YES;
				SDKROOT = iphoneos;
				SWIFT_COMPILATION_MODE = wholemodule;
				SWIFT_OPTIMIZATION_LEVEL = "-O";
				VALIDATE_PRODUCT = YES;
			};
			name = Release;
		};
		61D769CC253E7ABB00B66171 /* Debug */ = {
			isa = XCBuildConfiguration;
			baseConfigurationReference = 2602CD198421066CAC92C778 /* Pods-MVVM+Rx Template.debug.xcconfig */;
			buildSettings = {
				ASSETCATALOG_COMPILER_APPICON_NAME = AppIcon;
				ASSETCATALOG_COMPILER_GLOBAL_ACCENT_COLOR_NAME = AccentColor;
				CODE_SIGN_STYLE = Automatic;
				DEVELOPMENT_TEAM = 4CGJVQCU8H;
				INFOPLIST_FILE = "MVVM+Rx Template/Info.plist";
				IPHONEOS_DEPLOYMENT_TARGET = 13.0;
				LD_RUNPATH_SEARCH_PATHS = (
					"$(inherited)",
					"@executable_path/Frameworks",
				);
				PRODUCT_BUNDLE_IDENTIFIER = "com.sixhands.MVVM-Rx-Template";
				PRODUCT_NAME = "$(TARGET_NAME)";
				SWIFT_VERSION = 5.0;
				TARGETED_DEVICE_FAMILY = 1;
			};
			name = Debug;
		};
		61D769CD253E7ABB00B66171 /* Release */ = {
			isa = XCBuildConfiguration;
			baseConfigurationReference = 3A87ABB1D67B685E8272D786 /* Pods-MVVM+Rx Template.release.xcconfig */;
			buildSettings = {
				ASSETCATALOG_COMPILER_APPICON_NAME = AppIcon;
				ASSETCATALOG_COMPILER_GLOBAL_ACCENT_COLOR_NAME = AccentColor;
				CODE_SIGN_STYLE = Automatic;
				DEVELOPMENT_TEAM = 4CGJVQCU8H;
				INFOPLIST_FILE = "MVVM+Rx Template/Info.plist";
				IPHONEOS_DEPLOYMENT_TARGET = 13.0;
				LD_RUNPATH_SEARCH_PATHS = (
					"$(inherited)",
					"@executable_path/Frameworks",
				);
				PRODUCT_BUNDLE_IDENTIFIER = "com.sixhands.MVVM-Rx-Template";
				PRODUCT_NAME = "$(TARGET_NAME)";
				SWIFT_VERSION = 5.0;
				TARGETED_DEVICE_FAMILY = 1;
			};
			name = Release;
		};
/* End XCBuildConfiguration section */

/* Begin XCConfigurationList section */
		61D769B2253E7AB800B66171 /* Build configuration list for PBXProject "MVVM+Rx Template" */ = {
			isa = XCConfigurationList;
			buildConfigurations = (
				61D769C9253E7ABB00B66171 /* Debug */,
				61D769CA253E7ABB00B66171 /* Release */,
			);
			defaultConfigurationIsVisible = 0;
			defaultConfigurationName = Release;
		};
		61D769CB253E7ABB00B66171 /* Build configuration list for PBXNativeTarget "MVVM+Rx Template" */ = {
			isa = XCConfigurationList;
			buildConfigurations = (
				61D769CC253E7ABB00B66171 /* Debug */,
				61D769CD253E7ABB00B66171 /* Release */,
			);
			defaultConfigurationIsVisible = 0;
			defaultConfigurationName = Release;
		};
/* End XCConfigurationList section */
	};
	rootObject = 61D769AF253E7AB800B66171 /* Project object */;
}
